// !$*UTF8*$!
{
	archiveVersion = 1;
	classes = {
	};
	objectVersion = 56;
	objects = {

/* Begin PBXBuildFile section */
		5C26B57329704FAF001AEBD7 /* NetworkManager.swift in Sources */ = {isa = PBXBuildFile; fileRef = 5C26B57229704FAF001AEBD7 /* NetworkManager.swift */; };
		5C26B57529705080001AEBD7 /* Constants.swift in Sources */ = {isa = PBXBuildFile; fileRef = 5C26B57429705080001AEBD7 /* Constants.swift */; };
		5C26B5772970519B001AEBD7 /* url helper.swift in Sources */ = {isa = PBXBuildFile; fileRef = 5C26B5762970519B001AEBD7 /* url helper.swift */; };
		5C26B579297054A5001AEBD7 /* PicOfTodayView.swift in Sources */ = {isa = PBXBuildFile; fileRef = 5C26B578297054A5001AEBD7 /* PicOfTodayView.swift */; };
		5C26B57C297055FE001AEBD7 /* PhotoInfo.swift in Sources */ = {isa = PBXBuildFile; fileRef = 5C26B57B297055FE001AEBD7 /* PhotoInfo.swift */; };
		5C26B57E2970AF92001AEBD7 /* SelectDateView.swift in Sources */ = {isa = PBXBuildFile; fileRef = 5C26B57D2970AF92001AEBD7 /* SelectDateView.swift */; };
		5C26B58029715AD2001AEBD7 /* LoadingAnimationBox.swift in Sources */ = {isa = PBXBuildFile; fileRef = 5C26B57F29715AD2001AEBD7 /* LoadingAnimationBox.swift */; };
		5C26B582297162CE001AEBD7 /* MultiNetworkManager.swift in Sources */ = {isa = PBXBuildFile; fileRef = 5C26B581297162CE001AEBD7 /* MultiNetworkManager.swift */; };
		5C26B58429716608001AEBD7 /* API.swift in Sources */ = {isa = PBXBuildFile; fileRef = 5C26B58329716608001AEBD7 /* API.swift */; };
		5C26B58629716A85001AEBD7 /* APODListView.swift in Sources */ = {isa = PBXBuildFile; fileRef = 5C26B58529716A85001AEBD7 /* APODListView.swift */; };
		5C26B58829755D68001AEBD7 /* APODRow.swift in Sources */ = {isa = PBXBuildFile; fileRef = 5C26B58729755D68001AEBD7 /* APODRow.swift */; };
		5C26B58A29759B8A001AEBD7 /* APODDetailView.swift in Sources */ = {isa = PBXBuildFile; fileRef = 5C26B58929759B8A001AEBD7 /* APODDetailView.swift */; };
		5C26B58C2975A4B7001AEBD7 /* InteractiveImageView.swift in Sources */ = {isa = PBXBuildFile; fileRef = 5C26B58B2975A4B7001AEBD7 /* InteractiveImageView.swift */; };
		5C26B58E2975E143001AEBD7 /* Image helper.swift in Sources */ = {isa = PBXBuildFile; fileRef = 5C26B58D2975E143001AEBD7 /* Image helper.swift */; };
		5CE2D66B296C64C5006EA219 /* AstroPicApp.swift in Sources */ = {isa = PBXBuildFile; fileRef = 5CE2D66A296C64C5006EA219 /* AstroPicApp.swift */; };
		5CE2D66D296C64C5006EA219 /* ContentView.swift in Sources */ = {isa = PBXBuildFile; fileRef = 5CE2D66C296C64C5006EA219 /* ContentView.swift */; };
		5CE2D66F296C64C7006EA219 /* Assets.xcassets in Resources */ = {isa = PBXBuildFile; fileRef = 5CE2D66E296C64C7006EA219 /* Assets.xcassets */; };
		5CE2D672296C64C7006EA219 /* Preview Assets.xcassets in Resources */ = {isa = PBXBuildFile; fileRef = 5CE2D671296C64C7006EA219 /* Preview Assets.xcassets */; };
/* End PBXBuildFile section */

/* Begin PBXFileReference section */
		5C26B57229704FAF001AEBD7 /* NetworkManager.swift */ = {isa = PBXFileReference; lastKnownFileType = sourcecode.swift; path = NetworkManager.swift; sourceTree = "<group>"; };
		5C26B57429705080001AEBD7 /* Constants.swift */ = {isa = PBXFileReference; lastKnownFileType = sourcecode.swift; path = Constants.swift; sourceTree = "<group>"; };
		5C26B5762970519B001AEBD7 /* url helper.swift */ = {isa = PBXFileReference; lastKnownFileType = sourcecode.swift; path = "url helper.swift"; sourceTree = "<group>"; };
		5C26B578297054A5001AEBD7 /* PicOfTodayView.swift */ = {isa = PBXFileReference; lastKnownFileType = sourcecode.swift; path = PicOfTodayView.swift; sourceTree = "<group>"; };
		5C26B57B297055FE001AEBD7 /* PhotoInfo.swift */ = {isa = PBXFileReference; lastKnownFileType = sourcecode.swift; path = PhotoInfo.swift; sourceTree = "<group>"; };
		5C26B57D2970AF92001AEBD7 /* SelectDateView.swift */ = {isa = PBXFileReference; lastKnownFileType = sourcecode.swift; path = SelectDateView.swift; sourceTree = "<group>"; };
		5C26B57F29715AD2001AEBD7 /* LoadingAnimationBox.swift */ = {isa = PBXFileReference; lastKnownFileType = sourcecode.swift; path = LoadingAnimationBox.swift; sourceTree = "<group>"; };
		5C26B581297162CE001AEBD7 /* MultiNetworkManager.swift */ = {isa = PBXFileReference; lastKnownFileType = sourcecode.swift; path = MultiNetworkManager.swift; sourceTree = "<group>"; };
		5C26B58329716608001AEBD7 /* API.swift */ = {isa = PBXFileReference; lastKnownFileType = sourcecode.swift; path = API.swift; sourceTree = "<group>"; };
		5C26B58529716A85001AEBD7 /* APODListView.swift */ = {isa = PBXFileReference; lastKnownFileType = sourcecode.swift; path = APODListView.swift; sourceTree = "<group>"; };
		5C26B58729755D68001AEBD7 /* APODRow.swift */ = {isa = PBXFileReference; lastKnownFileType = sourcecode.swift; path = APODRow.swift; sourceTree = "<group>"; };
		5C26B58929759B8A001AEBD7 /* APODDetailView.swift */ = {isa = PBXFileReference; lastKnownFileType = sourcecode.swift; path = APODDetailView.swift; sourceTree = "<group>"; };
		5C26B58B2975A4B7001AEBD7 /* InteractiveImageView.swift */ = {isa = PBXFileReference; lastKnownFileType = sourcecode.swift; path = InteractiveImageView.swift; sourceTree = "<group>"; };
		5C26B58D2975E143001AEBD7 /* Image helper.swift */ = {isa = PBXFileReference; lastKnownFileType = sourcecode.swift; path = "Image helper.swift"; sourceTree = "<group>"; };
		5CE2D667296C64C5006EA219 /* AstroPic.app */ = {isa = PBXFileReference; explicitFileType = wrapper.application; includeInIndex = 0; path = AstroPic.app; sourceTree = BUILT_PRODUCTS_DIR; };
		5CE2D66A296C64C5006EA219 /* AstroPicApp.swift */ = {isa = PBXFileReference; lastKnownFileType = sourcecode.swift; path = AstroPicApp.swift; sourceTree = "<group>"; };
		5CE2D66C296C64C5006EA219 /* ContentView.swift */ = {isa = PBXFileReference; lastKnownFileType = sourcecode.swift; path = ContentView.swift; sourceTree = "<group>"; };
		5CE2D66E296C64C7006EA219 /* Assets.xcassets */ = {isa = PBXFileReference; lastKnownFileType = folder.assetcatalog; path = Assets.xcassets; sourceTree = "<group>"; };
		5CE2D671296C64C7006EA219 /* Preview Assets.xcassets */ = {isa = PBXFileReference; lastKnownFileType = folder.assetcatalog; path = "Preview Assets.xcassets"; sourceTree = "<group>"; };
/* End PBXFileReference section */

/* Begin PBXFrameworksBuildPhase section */
		5CE2D664296C64C5006EA219 /* Frameworks */ = {
			isa = PBXFrameworksBuildPhase;
			buildActionMask = 2147483647;
			files = (
			);
			runOnlyForDeploymentPostprocessing = 0;
		};
/* End PBXFrameworksBuildPhase section */

/* Begin PBXGroup section */
		5C26B57029704F3A001AEBD7 /* Model */ = {
			isa = PBXGroup;
			children = (
				5C26B57B297055FE001AEBD7 /* PhotoInfo.swift */,
			);
			path = Model;
			sourceTree = "<group>";
		};
		5C26B57129704F5D001AEBD7 /* View models */ = {
			isa = PBXGroup;
			children = (
				5C26B57229704FAF001AEBD7 /* NetworkManager.swift */,
				5C26B581297162CE001AEBD7 /* MultiNetworkManager.swift */,
				5C26B58329716608001AEBD7 /* API.swift */,
				5C26B57429705080001AEBD7 /* Constants.swift */,
				5C26B5762970519B001AEBD7 /* url helper.swift */,
			);
			path = "View models";
			sourceTree = "<group>";
		};
		5C26B57A297054BD001AEBD7 /* View */ = {
			isa = PBXGroup;
			children = (
				5C26B578297054A5001AEBD7 /* PicOfTodayView.swift */,
				5C26B58729755D68001AEBD7 /* APODRow.swift */,
				5C26B57F29715AD2001AEBD7 /* LoadingAnimationBox.swift */,
				5C26B57D2970AF92001AEBD7 /* SelectDateView.swift */,
				5C26B58529716A85001AEBD7 /* APODListView.swift */,
				5C26B58B2975A4B7001AEBD7 /* InteractiveImageView.swift */,
				5C26B58D2975E143001AEBD7 /* Image helper.swift */,
				5C26B58929759B8A001AEBD7 /* APODDetailView.swift */,
			);
			path = View;
			sourceTree = "<group>";
		};
		5CE2D65E296C64C5006EA219 = {
			isa = PBXGroup;
			children = (
				5CE2D669296C64C5006EA219 /* AstroPic */,
				5CE2D668296C64C5006EA219 /* Products */,
			);
			sourceTree = "<group>";
		};
		5CE2D668296C64C5006EA219 /* Products */ = {
			isa = PBXGroup;
			children = (
				5CE2D667296C64C5006EA219 /* AstroPic.app */,
			);
			name = Products;
			sourceTree = "<group>";
		};
		5CE2D669296C64C5006EA219 /* AstroPic */ = {
			isa = PBXGroup;
			children = (
				5CE2D66A296C64C5006EA219 /* AstroPicApp.swift */,
				5CE2D66C296C64C5006EA219 /* ContentView.swift */,
				5C26B57A297054BD001AEBD7 /* View */,
				5C26B57129704F5D001AEBD7 /* View models */,
				5C26B57029704F3A001AEBD7 /* Model */,
				5CE2D66E296C64C7006EA219 /* Assets.xcassets */,
				5CE2D670296C64C7006EA219 /* Preview Content */,
			);
			path = AstroPic;
			sourceTree = "<group>";
		};
		5CE2D670296C64C7006EA219 /* Preview Content */ = {
			isa = PBXGroup;
			children = (
				5CE2D671296C64C7006EA219 /* Preview Assets.xcassets */,
			);
			path = "Preview Content";
			sourceTree = "<group>";
		};
/* End PBXGroup section */

/* Begin PBXNativeTarget section */
		5CE2D666296C64C5006EA219 /* AstroPic */ = {
			isa = PBXNativeTarget;
			buildConfigurationList = 5CE2D675296C64C7006EA219 /* Build configuration list for PBXNativeTarget "AstroPic" */;
			buildPhases = (
				5CE2D663296C64C5006EA219 /* Sources */,
				5CE2D664296C64C5006EA219 /* Frameworks */,
				5CE2D665296C64C5006EA219 /* Resources */,
			);
			buildRules = (
			);
			dependencies = (
			);
			name = AstroPic;
			productName = AstroPic;
			productReference = 5CE2D667296C64C5006EA219 /* AstroPic.app */;
			productType = "com.apple.product-type.application";
		};
/* End PBXNativeTarget section */

/* Begin PBXProject section */
		5CE2D65F296C64C5006EA219 /* Project object */ = {
			isa = PBXProject;
			attributes = {
				BuildIndependentTargetsInParallel = 1;
				LastSwiftUpdateCheck = 1420;
				LastUpgradeCheck = 1420;
				TargetAttributes = {
					5CE2D666296C64C5006EA219 = {
						CreatedOnToolsVersion = 14.2;
					};
				};
			};
			buildConfigurationList = 5CE2D662296C64C5006EA219 /* Build configuration list for PBXProject "AstroPic" */;
			compatibilityVersion = "Xcode 14.0";
			developmentRegion = en;
			hasScannedForEncodings = 0;
			knownRegions = (
				en,
				Base,
			);
			mainGroup = 5CE2D65E296C64C5006EA219;
			productRefGroup = 5CE2D668296C64C5006EA219 /* Products */;
			projectDirPath = "";
			projectRoot = "";
			targets = (
				5CE2D666296C64C5006EA219 /* AstroPic */,
			);
		};
/* End PBXProject section */

/* Begin PBXResourcesBuildPhase section */
		5CE2D665296C64C5006EA219 /* Resources */ = {
			isa = PBXResourcesBuildPhase;
			buildActionMask = 2147483647;
			files = (
				5CE2D672296C64C7006EA219 /* Preview Assets.xcassets in Resources */,
				5CE2D66F296C64C7006EA219 /* Assets.xcassets in Resources */,
			);
			runOnlyForDeploymentPostprocessing = 0;
		};
/* End PBXResourcesBuildPhase section */

/* Begin PBXSourcesBuildPhase section */
		5CE2D663296C64C5006EA219 /* Sources */ = {
			isa = PBXSourcesBuildPhase;
			buildActionMask = 2147483647;
			files = (
				5C26B58E2975E143001AEBD7 /* Image helper.swift in Sources */,
				5C26B58429716608001AEBD7 /* API.swift in Sources */,
				5C26B57E2970AF92001AEBD7 /* SelectDateView.swift in Sources */,
				5C26B57C297055FE001AEBD7 /* PhotoInfo.swift in Sources */,
				5C26B58A29759B8A001AEBD7 /* APODDetailView.swift in Sources */,
				5C26B582297162CE001AEBD7 /* MultiNetworkManager.swift in Sources */,
				5C26B58629716A85001AEBD7 /* APODListView.swift in Sources */,
				5C26B58829755D68001AEBD7 /* APODRow.swift in Sources */,
				5C26B58029715AD2001AEBD7 /* LoadingAnimationBox.swift in Sources */,
				5C26B5772970519B001AEBD7 /* url helper.swift in Sources */,
				5C26B57329704FAF001AEBD7 /* NetworkManager.swift in Sources */,
				5C26B579297054A5001AEBD7 /* PicOfTodayView.swift in Sources */,
				5CE2D66D296C64C5006EA219 /* ContentView.swift in Sources */,
				5C26B58C2975A4B7001AEBD7 /* InteractiveImageView.swift in Sources */,
				5CE2D66B296C64C5006EA219 /* AstroPicApp.swift in Sources */,
				5C26B57529705080001AEBD7 /* Constants.swift in Sources */,
			);
			runOnlyForDeploymentPostprocessing = 0;
		};
/* End PBXSourcesBuildPhase section */

/* Begin XCBuildConfiguration section */
		5CE2D673296C64C7006EA219 /* Debug */ = {
			isa = XCBuildConfiguration;
			buildSettings = {
				ALWAYS_SEARCH_USER_PATHS = NO;
				CLANG_ANALYZER_NONNULL = YES;
				CLANG_ANALYZER_NUMBER_OBJECT_CONVERSION = YES_AGGRESSIVE;
				CLANG_CXX_LANGUAGE_STANDARD = "gnu++20";
				CLANG_ENABLE_MODULES = YES;
				CLANG_ENABLE_OBJC_ARC = YES;
				CLANG_ENABLE_OBJC_WEAK = YES;
				CLANG_WARN_BLOCK_CAPTURE_AUTORELEASING = YES;
				CLANG_WARN_BOOL_CONVERSION = YES;
				CLANG_WARN_COMMA = YES;
				CLANG_WARN_CONSTANT_CONVERSION = YES;
				CLANG_WARN_DEPRECATED_OBJC_IMPLEMENTATIONS = YES;
				CLANG_WARN_DIRECT_OBJC_ISA_USAGE = YES_ERROR;
				CLANG_WARN_DOCUMENTATION_COMMENTS = YES;
				CLANG_WARN_EMPTY_BODY = YES;
				CLANG_WARN_ENUM_CONVERSION = YES;
				CLANG_WARN_INFINITE_RECURSION = YES;
				CLANG_WARN_INT_CONVERSION = YES;
				CLANG_WARN_NON_LITERAL_NULL_CONVERSION = YES;
				CLANG_WARN_OBJC_IMPLICIT_RETAIN_SELF = YES;
				CLANG_WARN_OBJC_LITERAL_CONVERSION = YES;
				CLANG_WARN_OBJC_ROOT_CLASS = YES_ERROR;
				CLANG_WARN_QUOTED_INCLUDE_IN_FRAMEWORK_HEADER = YES;
				CLANG_WARN_RANGE_LOOP_ANALYSIS = YES;
				CLANG_WARN_STRICT_PROTOTYPES = YES;
				CLANG_WARN_SUSPICIOUS_MOVE = YES;
				CLANG_WARN_UNGUARDED_AVAILABILITY = YES_AGGRESSIVE;
				CLANG_WARN_UNREACHABLE_CODE = YES;
				CLANG_WARN__DUPLICATE_METHOD_MATCH = YES;
				COPY_PHASE_STRIP = NO;
				DEBUG_INFORMATION_FORMAT = dwarf;
				ENABLE_STRICT_OBJC_MSGSEND = YES;
				ENABLE_TESTABILITY = YES;
				GCC_C_LANGUAGE_STANDARD = gnu11;
				GCC_DYNAMIC_NO_PIC = NO;
				GCC_NO_COMMON_BLOCKS = YES;
				GCC_OPTIMIZATION_LEVEL = 0;
				GCC_PREPROCESSOR_DEFINITIONS = (
					"DEBUG=1",
					"$(inherited)",
				);
				GCC_WARN_64_TO_32_BIT_CONVERSION = YES;
				GCC_WARN_ABOUT_RETURN_TYPE = YES_ERROR;
				GCC_WARN_UNDECLARED_SELECTOR = YES;
				GCC_WARN_UNINITIALIZED_AUTOS = YES_AGGRESSIVE;
				GCC_WARN_UNUSED_FUNCTION = YES;
				GCC_WARN_UNUSED_VARIABLE = YES;
				IPHONEOS_DEPLOYMENT_TARGET = 16.2;
				MTL_ENABLE_DEBUG_INFO = INCLUDE_SOURCE;
				MTL_FAST_MATH = YES;
				ONLY_ACTIVE_ARCH = YES;
				SDKROOT = iphoneos;
				SWIFT_ACTIVE_COMPILATION_CONDITIONS = DEBUG;
				SWIFT_OPTIMIZATION_LEVEL = "-Onone";
			};
			name = Debug;
		};
		5CE2D674296C64C7006EA219 /* Release */ = {
			isa = XCBuildConfiguration;
			buildSettings = {
				ALWAYS_SEARCH_USER_PATHS = NO;
				CLANG_ANALYZER_NONNULL = YES;
				CLANG_ANALYZER_NUMBER_OBJECT_CONVERSION = YES_AGGRESSIVE;
				CLANG_CXX_LANGUAGE_STANDARD = "gnu++20";
				CLANG_ENABLE_MODULES = YES;
				CLANG_ENABLE_OBJC_ARC = YES;
				CLANG_ENABLE_OBJC_WEAK = YES;
				CLANG_WARN_BLOCK_CAPTURE_AUTORELEASING = YES;
				CLANG_WARN_BOOL_CONVERSION = YES;
				CLANG_WARN_COMMA = YES;
				CLANG_WARN_CONSTANT_CONVERSION = YES;
				CLANG_WARN_DEPRECATED_OBJC_IMPLEMENTATIONS = YES;
				CLANG_WARN_DIRECT_OBJC_ISA_USAGE = YES_ERROR;
				CLANG_WARN_DOCUMENTATION_COMMENTS = YES;
				CLANG_WARN_EMPTY_BODY = YES;
				CLANG_WARN_ENUM_CONVERSION = YES;
				CLANG_WARN_INFINITE_RECURSION = YES;
				CLANG_WARN_INT_CONVERSION = YES;
				CLANG_WARN_NON_LITERAL_NULL_CONVERSION = YES;
				CLANG_WARN_OBJC_IMPLICIT_RETAIN_SELF = YES;
				CLANG_WARN_OBJC_LITERAL_CONVERSION = YES;
				CLANG_WARN_OBJC_ROOT_CLASS = YES_ERROR;
				CLANG_WARN_QUOTED_INCLUDE_IN_FRAMEWORK_HEADER = YES;
				CLANG_WARN_RANGE_LOOP_ANALYSIS = YES;
				CLANG_WARN_STRICT_PROTOTYPES = YES;
				CLANG_WARN_SUSPICIOUS_MOVE = YES;
				CLANG_WARN_UNGUARDED_AVAILABILITY = YES_AGGRESSIVE;
				CLANG_WARN_UNREACHABLE_CODE = YES;
				CLANG_WARN__DUPLICATE_METHOD_MATCH = YES;
				COPY_PHASE_STRIP = NO;
				DEBUG_INFORMATION_FORMAT = "dwarf-with-dsym";
				ENABLE_NS_ASSERTIONS = NO;
				ENABLE_STRICT_OBJC_MSGSEND = YES;
				GCC_C_LANGUAGE_STANDARD = gnu11;
				GCC_NO_COMMON_BLOCKS = YES;
				GCC_WARN_64_TO_32_BIT_CONVERSION = YES;
				GCC_WARN_ABOUT_RETURN_TYPE = YES_ERROR;
				GCC_WARN_UNDECLARED_SELECTOR = YES;
				GCC_WARN_UNINITIALIZED_AUTOS = YES_AGGRESSIVE;
				GCC_WARN_UNUSED_FUNCTION = YES;
				GCC_WARN_UNUSED_VARIABLE = YES;
				IPHONEOS_DEPLOYMENT_TARGET = 16.2;
				MTL_ENABLE_DEBUG_INFO = NO;
				MTL_FAST_MATH = YES;
				SDKROOT = iphoneos;
				SWIFT_COMPILATION_MODE = wholemodule;
				SWIFT_OPTIMIZATION_LEVEL = "-O";
				VALIDATE_PRODUCT = YES;
			};
			name = Release;
		};
		5CE2D676296C64C7006EA219 /* Debug */ = {
			isa = XCBuildConfiguration;
			buildSettings = {
				ASSETCATALOG_COMPILER_APPICON_NAME = AppIcon;
				ASSETCATALOG_COMPILER_GLOBAL_ACCENT_COLOR_NAME = AccentColor;
				CODE_SIGN_STYLE = Automatic;
				CURRENT_PROJECT_VERSION = 1;
				DEVELOPMENT_ASSET_PATHS = "\"AstroPic/Preview Content\"";
				DEVELOPMENT_TEAM = 6N777LA6M4;
				ENABLE_PREVIEWS = YES;
				GENERATE_INFOPLIST_FILE = YES;
				INFOPLIST_KEY_UIApplicationSceneManifest_Generation = YES;
				INFOPLIST_KEY_UIApplicationSupportsIndirectInputEvents = YES;
				INFOPLIST_KEY_UILaunchScreen_Generation = YES;
				INFOPLIST_KEY_UISupportedInterfaceOrientations_iPad = "UIInterfaceOrientationPortrait UIInterfaceOrientationPortraitUpsideDown UIInterfaceOrientationLandscapeLeft UIInterfaceOrientationLandscapeRight";
				INFOPLIST_KEY_UISupportedInterfaceOrientations_iPhone = "UIInterfaceOrientationPortrait UIInterfaceOrientationLandscapeLeft UIInterfaceOrientationLandscapeRight";
				IPHONEOS_DEPLOYMENT_TARGET = 15.0;
				LD_RUNPATH_SEARCH_PATHS = (
					"$(inherited)",
					"@executable_path/Frameworks",
				);
				MARKETING_VERSION = 1.0;
				PRODUCT_BUNDLE_IDENTIFIER = galina.AstroPic;
				PRODUCT_NAME = "$(TARGET_NAME)";
				SWIFT_EMIT_LOC_STRINGS = YES;
				SWIFT_VERSION = 5.0;
				TARGETED_DEVICE_FAMILY = "1,2";
			};
			name = Debug;
		};
		5CE2D677296C64C7006EA219 /* Release */ = {
			isa = XCBuildConfiguration;
			buildSettings = {
				ASSETCATALOG_COMPILER_APPICON_NAME = AppIcon;
				ASSETCATALOG_COMPILER_GLOBAL_ACCENT_COLOR_NAME = AccentColor;
				CODE_SIGN_STYLE = Automatic;
				CURRENT_PROJECT_VERSION = 1;
				DEVELOPMENT_ASSET_PATHS = "\"AstroPic/Preview Content\"";
				DEVELOPMENT_TEAM = 6N777LA6M4;
				ENABLE_PREVIEWS = YES;
				GENERATE_INFOPLIST_FILE = YES;
				INFOPLIST_KEY_UIApplicationSceneManifest_Generation = YES;
				INFOPLIST_KEY_UIApplicationSupportsIndirectInputEvents = YES;
				INFOPLIST_KEY_UILaunchScreen_Generation = YES;
				INFOPLIST_KEY_UISupportedInterfaceOrientations_iPad = "UIInterfaceOrientationPortrait UIInterfaceOrientationPortraitUpsideDown UIInterfaceOrientationLandscapeLeft UIInterfaceOrientationLandscapeRight";
				INFOPLIST_KEY_UISupportedInterfaceOrientations_iPhone = "UIInterfaceOrientationPortrait UIInterfaceOrientationLandscapeLeft UIInterfaceOrientationLandscapeRight";
				IPHONEOS_DEPLOYMENT_TARGET = 15.0;
				LD_RUNPATH_SEARCH_PATHS = (
					"$(inherited)",
					"@executable_path/Frameworks",
				);
				MARKETING_VERSION = 1.0;
				PRODUCT_BUNDLE_IDENTIFIER = galina.AstroPic;
				PRODUCT_NAME = "$(TARGET_NAME)";
				SWIFT_EMIT_LOC_STRINGS = YES;
				SWIFT_VERSION = 5.0;
				TARGETED_DEVICE_FAMILY = "1,2";
			};
			name = Release;
		};
/* End XCBuildConfiguration section */

/* Begin XCConfigurationList section */
		5CE2D662296C64C5006EA219 /* Build configuration list for PBXProject "AstroPic" */ = {
			isa = XCConfigurationList;
			buildConfigurations = (
				5CE2D673296C64C7006EA219 /* Debug */,
				5CE2D674296C64C7006EA219 /* Release */,
			);
			defaultConfigurationIsVisible = 0;
			defaultConfigurationName = Release;
		};
		5CE2D675296C64C7006EA219 /* Build configuration list for PBXNativeTarget "AstroPic" */ = {
			isa = XCConfigurationList;
			buildConfigurations = (
				5CE2D676296C64C7006EA219 /* Debug */,
				5CE2D677296C64C7006EA219 /* Release */,
			);
			defaultConfigurationIsVisible = 0;
			defaultConfigurationName = Release;
		};
/* End XCConfigurationList section */
	};
	rootObject = 5CE2D65F296C64C5006EA219 /* Project object */;
}
